
Microsoft Visual Studio Solution File, Format Version 12.00
# Visual Studio Version 17
VisualStudioVersion = 17.6.33723.286
MinimumVisualStudioVersion = 10.0.40219.1
Project("{FAE04EC0-301F-11D3-BF4B-00C04F79EFBC}") = "bulls_and_cows", "bulls_and_cows.csproj", "{1961E69F-D68A-4834-9B13-95B1EB1CE654}"
EndProject
Global
	GlobalSection(SolutionConfigurationPlatforms) = preSolution
		Debug|Any CPU = Debug|Any CPU
		Release|Any CPU = Release|Any CPU
	EndGlobalSection
	GlobalSection(ProjectConfigurationPlatforms) = postSolution
		{1961E69F-D68A-4834-9B13-95B1EB1CE654}.Debug|Any CPU.ActiveCfg = Debug|Any CPU
		{1961E69F-D68A-4834-9B13-95B1EB1CE654}.Debug|Any CPU.Build.0 = Debug|Any CPU
		{1961E69F-D68A-4834-9B13-95B1EB1CE654}.Release|Any CPU.ActiveCfg = Release|Any CPU
		{1961E69F-D68A-4834-9B13-95B1EB1CE654}.Release|Any CPU.Build.0 = Release|Any CPU
	EndGlobalSection
	GlobalSection(SolutionProperties) = preSolution
		HideSolutionNode = FALSE
	EndGlobalSection
	GlobalSection(ExtensibilityGlobals) = postSolution
		SolutionGuid = {DF976F9C-BE9C-4213-809D-FF3DFC7D3610}
	EndGlobalSection
EndGlobal
